
Microsoft Visual Studio Solution File, Format Version 12.00
# Visual Studio Version 17
VisualStudioVersion = 17.3.32929.385
MinimumVisualStudioVersion = 10.0.40219.1
Project("{2150E333-8FDC-42A3-9474-1A3956D46DE8}") = "FrontEnd", "FrontEnd", "{370C1582-C480-4D09-A4C6-BA103CE3757A}"
EndProject
Project("{2150E333-8FDC-42A3-9474-1A3956D46DE8}") = "Services", "Services", "{F3B572C5-92EB-4466-BA9E-B3D8755C262F}"
EndProject
Project("{9A19103F-16F7-4668-BE54-9A1E7A4F7556}") = "GeekShooping.Web", "GeekShooping.Web\GeekShooping.Web.csproj", "{7C275502-5D09-4649-9C2B-CCB42C4CB9F4}"
EndProject
Project("{9A19103F-16F7-4668-BE54-9A1E7A4F7556}") = "GeekShooping.ProductAPI", "GeekShooping.ProductAPI\GeekShooping.ProductAPI.csproj", "{C48725B5-D793-4936-B2A3-92E7850EB256}"
EndProject
Global
	GlobalSection(SolutionConfigurationPlatforms) = preSolution
		Debug|Any CPU = Debug|Any CPU
		Release|Any CPU = Release|Any CPU
	EndGlobalSection
	GlobalSection(ProjectConfigurationPlatforms) = postSolution
		{7C275502-5D09-4649-9C2B-CCB42C4CB9F4}.Debug|Any CPU.ActiveCfg = Debug|Any CPU
		{7C275502-5D09-4649-9C2B-CCB42C4CB9F4}.Release|Any CPU.ActiveCfg = Release|Any CPU
		{7C275502-5D09-4649-9C2B-CCB42C4CB9F4}.Release|Any CPU.Build.0 = Release|Any CPU
		{C48725B5-D793-4936-B2A3-92E7850EB256}.Debug|Any CPU.ActiveCfg = Debug|Any CPU
		{C48725B5-D793-4936-B2A3-92E7850EB256}.Debug|Any CPU.Build.0 = Debug|Any CPU
		{C48725B5-D793-4936-B2A3-92E7850EB256}.Release|Any CPU.ActiveCfg = Release|Any CPU
		{C48725B5-D793-4936-B2A3-92E7850EB256}.Release|Any CPU.Build.0 = Release|Any CPU
	EndGlobalSection
	GlobalSection(SolutionProperties) = preSolution
		HideSolutionNode = FALSE
	EndGlobalSection
	GlobalSection(NestedProjects) = preSolution
		{7C275502-5D09-4649-9C2B-CCB42C4CB9F4} = {370C1582-C480-4D09-A4C6-BA103CE3757A}
		{C48725B5-D793-4936-B2A3-92E7850EB256} = {F3B572C5-92EB-4466-BA9E-B3D8755C262F}
	EndGlobalSection
	GlobalSection(ExtensibilityGlobals) = postSolution
		SolutionGuid = {5CADB313-FAA9-41C0-BFCE-01A08F5095D6}
	EndGlobalSection
EndGlobal
